
Microsoft Visual Studio Solution File, Format Version 12.00
# Visual Studio Version 17
VisualStudioVersion = 17.0.32014.148
MinimumVisualStudioVersion = 10.0.40219.1
Project("{FAE04EC0-301F-11D3-BF4B-00C04F79EFBC}") = "BxUnBx", "BxUnBx\BxUnBx.csproj", "{6A733605-10C9-4EEA-8587-C89E3FBE1328}"
EndProject
Global
	GlobalSection(SolutionConfigurationPlatforms) = preSolution
		Debug|Any CPU = Debug|Any CPU
		Release|Any CPU = Release|Any CPU
	EndGlobalSection
	GlobalSection(ProjectConfigurationPlatforms) = postSolution
		{6A733605-10C9-4EEA-8587-C89E3FBE1328}.Debug|Any CPU.ActiveCfg = Debug|Any CPU
		{6A733605-10C9-4EEA-8587-C89E3FBE1328}.Debug|Any CPU.Build.0 = Debug|Any CPU
		{6A733605-10C9-4EEA-8587-C89E3FBE1328}.Release|Any CPU.ActiveCfg = Release|Any CPU
		{6A733605-10C9-4EEA-8587-C89E3FBE1328}.Release|Any CPU.Build.0 = Release|Any CPU
	EndGlobalSection
	GlobalSection(SolutionProperties) = preSolution
		HideSolutionNode = FALSE
	EndGlobalSection
	GlobalSection(ExtensibilityGlobals) = postSolution
		SolutionGuid = {4C760210-036C-4C91-B933-269E1F9BE6DE}
	EndGlobalSection
EndGlobal
