
Microsoft Visual Studio Solution File, Format Version 12.00
# Visual Studio Version 17
VisualStudioVersion = 17.0.32014.148
MinimumVisualStudioVersion = 10.0.40219.1
Project("{FAE04EC0-301F-11D3-BF4B-00C04F79EFBC}") = "Rel_Log_OP", "Rel_Log_OP\Rel_Log_OP.csproj", "{9B6018CD-D471-4343-A95B-21CF198BBF87}"
EndProject
Global
	GlobalSection(SolutionConfigurationPlatforms) = preSolution
		Debug|Any CPU = Debug|Any CPU
		Release|Any CPU = Release|Any CPU
	EndGlobalSection
	GlobalSection(ProjectConfigurationPlatforms) = postSolution
		{9B6018CD-D471-4343-A95B-21CF198BBF87}.Debug|Any CPU.ActiveCfg = Debug|Any CPU
		{9B6018CD-D471-4343-A95B-21CF198BBF87}.Debug|Any CPU.Build.0 = Debug|Any CPU
		{9B6018CD-D471-4343-A95B-21CF198BBF87}.Release|Any CPU.ActiveCfg = Release|Any CPU
		{9B6018CD-D471-4343-A95B-21CF198BBF87}.Release|Any CPU.Build.0 = Release|Any CPU
	EndGlobalSection
	GlobalSection(SolutionProperties) = preSolution
		HideSolutionNode = FALSE
	EndGlobalSection
	GlobalSection(ExtensibilityGlobals) = postSolution
		SolutionGuid = {027D0AB2-41A9-4B3B-ADB8-719F6CB3A6B4}
	EndGlobalSection
EndGlobal
