
Microsoft Visual Studio Solution File, Format Version 12.00
# Visual Studio Version 17
VisualStudioVersion = 17.0.32014.148
MinimumVisualStudioVersion = 10.0.40219.1
Project("{FAE04EC0-301F-11D3-BF4B-00C04F79EFBC}") = "Max3Num", "Max3Num\Max3Num.csproj", "{F0A6188C-707B-4517-AD69-0EC90A7B45BD}"
EndProject
Global
	GlobalSection(SolutionConfigurationPlatforms) = preSolution
		Debug|Any CPU = Debug|Any CPU
		Release|Any CPU = Release|Any CPU
	EndGlobalSection
	GlobalSection(ProjectConfigurationPlatforms) = postSolution
		{F0A6188C-707B-4517-AD69-0EC90A7B45BD}.Debug|Any CPU.ActiveCfg = Debug|Any CPU
		{F0A6188C-707B-4517-AD69-0EC90A7B45BD}.Debug|Any CPU.Build.0 = Debug|Any CPU
		{F0A6188C-707B-4517-AD69-0EC90A7B45BD}.Release|Any CPU.ActiveCfg = Release|Any CPU
		{F0A6188C-707B-4517-AD69-0EC90A7B45BD}.Release|Any CPU.Build.0 = Release|Any CPU
	EndGlobalSection
	GlobalSection(SolutionProperties) = preSolution
		HideSolutionNode = FALSE
	EndGlobalSection
	GlobalSection(ExtensibilityGlobals) = postSolution
		SolutionGuid = {D6BCB260-24A7-4B55-824E-47EFEF128FDD}
	EndGlobalSection
EndGlobal
